
Microsoft Visual Studio Solution File, Format Version 12.00
# Visual Studio Version 17
VisualStudioVersion = 17.5.33414.496
MinimumVisualStudioVersion = 10.0.40219.1
Project("{FAE04EC0-301F-11D3-BF4B-00C04F79EFBC}") = "HashTableProblem", "HashTableProblem.csproj", "{803B67F4-EFB7-434B-AE99-4B9AAEB6F646}"
EndProject
Global
	GlobalSection(SolutionConfigurationPlatforms) = preSolution
		Debug|Any CPU = Debug|Any CPU
		Release|Any CPU = Release|Any CPU
	EndGlobalSection
	GlobalSection(ProjectConfigurationPlatforms) = postSolution
		{803B67F4-EFB7-434B-AE99-4B9AAEB6F646}.Debug|Any CPU.ActiveCfg = Debug|Any CPU
		{803B67F4-EFB7-434B-AE99-4B9AAEB6F646}.Debug|Any CPU.Build.0 = Debug|Any CPU
		{803B67F4-EFB7-434B-AE99-4B9AAEB6F646}.Release|Any CPU.ActiveCfg = Release|Any CPU
		{803B67F4-EFB7-434B-AE99-4B9AAEB6F646}.Release|Any CPU.Build.0 = Release|Any CPU
	EndGlobalSection
	GlobalSection(SolutionProperties) = preSolution
		HideSolutionNode = FALSE
	EndGlobalSection
	GlobalSection(ExtensibilityGlobals) = postSolution
		SolutionGuid = {1E0CBE85-4CB6-4171-BC9B-1E511FD8EBDD}
	EndGlobalSection
EndGlobal
